// !$*UTF8*$!
{
	archiveVersion = 1;
	classes = {
	};
	objectVersion = 56;
	objects = {

/* Begin PBXBuildFile section */
		1B0D76D92A1FF52D007093A1 /* Subject.swift in Sources */ = {isa = PBXBuildFile; fileRef = 1B0D76D82A1FF52D007093A1 /* Subject.swift */; };
		1B0D76DB2A1FF618007093A1 /* ChallengeCategory.swift in Sources */ = {isa = PBXBuildFile; fileRef = 1B0D76DA2A1FF618007093A1 /* ChallengeCategory.swift */; };
		1B0D76DD2A1FF73D007093A1 /* ChallengeQuiz.swift in Sources */ = {isa = PBXBuildFile; fileRef = 1B0D76DC2A1FF73D007093A1 /* ChallengeQuiz.swift */; };
		1B0D76DF2A225C71007093A1 /* ChallengeQuizView.swift in Sources */ = {isa = PBXBuildFile; fileRef = 1B0D76DE2A225C71007093A1 /* ChallengeQuizView.swift */; };
		1B0D76E12A225E74007093A1 /* QuizAndTipsView.swift in Sources */ = {isa = PBXBuildFile; fileRef = 1B0D76E02A225E74007093A1 /* QuizAndTipsView.swift */; };
		1B0D76E32A226084007093A1 /* ChallengeListView.swift in Sources */ = {isa = PBXBuildFile; fileRef = 1B0D76E22A226084007093A1 /* ChallengeListView.swift */; };
		1B0D76E72A226F7F007093A1 /* QuizSuggestionsView.swift in Sources */ = {isa = PBXBuildFile; fileRef = 1B0D76E62A226F7F007093A1 /* QuizSuggestionsView.swift */; };
		1B0D76E92A227274007093A1 /* QuizTipView.swift in Sources */ = {isa = PBXBuildFile; fileRef = 1B0D76E82A227274007093A1 /* QuizTipView.swift */; };
		1B0D76EB2A227464007093A1 /* QuizGoBackButton.swift in Sources */ = {isa = PBXBuildFile; fileRef = 1B0D76EA2A227464007093A1 /* QuizGoBackButton.swift */; };
		1B0E00292A08EF30000B6D29 /* KaitiakiApp.swift in Sources */ = {isa = PBXBuildFile; fileRef = 1B0E00282A08EF30000B6D29 /* KaitiakiApp.swift */; };
		1B0E002B2A08EF30000B6D29 /* ContentView.swift in Sources */ = {isa = PBXBuildFile; fileRef = 1B0E002A2A08EF30000B6D29 /* ContentView.swift */; };
		1B0E002D2A08EF32000B6D29 /* Assets.xcassets in Resources */ = {isa = PBXBuildFile; fileRef = 1B0E002C2A08EF32000B6D29 /* Assets.xcassets */; };
		1B0E00302A08EF32000B6D29 /* Preview Assets.xcassets in Resources */ = {isa = PBXBuildFile; fileRef = 1B0E002F2A08EF32000B6D29 /* Preview Assets.xcassets */; };
		1B1B2E9D2A09956B0066DDD2 /* ChallengeSectionView.swift in Sources */ = {isa = PBXBuildFile; fileRef = 1B1B2E9C2A09956B0066DDD2 /* ChallengeSectionView.swift */; };
		1B1B2E9F2A0A32B60066DDD2 /* SubscriptionView.swift in Sources */ = {isa = PBXBuildFile; fileRef = 1B1B2E9E2A0A32B60066DDD2 /* SubscriptionView.swift */; };
		1B1B2EA52A0A40980066DDD2 /* MoreView.swift in Sources */ = {isa = PBXBuildFile; fileRef = 1B1B2EA42A0A40980066DDD2 /* MoreView.swift */; };
		1B1B2EA72A0A47C70066DDD2 /* SignInView.swift in Sources */ = {isa = PBXBuildFile; fileRef = 1B1B2EA62A0A47C70066DDD2 /* SignInView.swift */; };
		1B1B2EA92A0A4AA40066DDD2 /* NudgeView.swift in Sources */ = {isa = PBXBuildFile; fileRef = 1B1B2EA82A0A4AA40066DDD2 /* NudgeView.swift */; };
		1B1B2EAB2A0A4B660066DDD2 /* UpgradeProView.swift in Sources */ = {isa = PBXBuildFile; fileRef = 1B1B2EAA2A0A4B660066DDD2 /* UpgradeProView.swift */; };
		1B1B2EAD2A0A4C360066DDD2 /* FamilyPlanView.swift in Sources */ = {isa = PBXBuildFile; fileRef = 1B1B2EAC2A0A4C360066DDD2 /* FamilyPlanView.swift */; };
		1B1B2EAF2A0A4D8F0066DDD2 /* RateView.swift in Sources */ = {isa = PBXBuildFile; fileRef = 1B1B2EAE2A0A4D8F0066DDD2 /* RateView.swift */; };
		1B1B2EB52A0A4F1B0066DDD2 /* ScienceView.swift in Sources */ = {isa = PBXBuildFile; fileRef = 1B1B2EB42A0A4F1B0066DDD2 /* ScienceView.swift */; };
		1B1B2EB72A0A4F6A0066DDD2 /* BlogView.swift in Sources */ = {isa = PBXBuildFile; fileRef = 1B1B2EB62A0A4F6A0066DDD2 /* BlogView.swift */; };
		1B1B2EB92A0A4FAF0066DDD2 /* HelpView.swift in Sources */ = {isa = PBXBuildFile; fileRef = 1B1B2EB82A0A4FAF0066DDD2 /* HelpView.swift */; };
		1B1B2EBE2A0AF1050066DDD2 /* DisconnectView.swift in Sources */ = {isa = PBXBuildFile; fileRef = 1B1B2EBD2A0AF1050066DDD2 /* DisconnectView.swift */; };
		1B1B2EDC2A0D8ED60066DDD2 /* ShareView.swift in Sources */ = {isa = PBXBuildFile; fileRef = 1B1B2EDB2A0D8ED60066DDD2 /* ShareView.swift */; };
		1B1B2EE22A0D92210066DDD2 /* LegalInformationView.swift in Sources */ = {isa = PBXBuildFile; fileRef = 1B1B2EE12A0D92210066DDD2 /* LegalInformationView.swift */; };
		1B1B2EE42A0D938B0066DDD2 /* TermsView.swift in Sources */ = {isa = PBXBuildFile; fileRef = 1B1B2EE32A0D938B0066DDD2 /* TermsView.swift */; };
		1B1B2EE62A0D94010066DDD2 /* PrivacyView.swift in Sources */ = {isa = PBXBuildFile; fileRef = 1B1B2EE52A0D94010066DDD2 /* PrivacyView.swift */; };
		1B1B2EE82A0D98FF0066DDD2 /* EmailView.swift in Sources */ = {isa = PBXBuildFile; fileRef = 1B1B2EE72A0D98FF0066DDD2 /* EmailView.swift */; };
		1B1B2EEA2A0D9C020066DDD2 /* PasswordView.swift in Sources */ = {isa = PBXBuildFile; fileRef = 1B1B2EE92A0D9C020066DDD2 /* PasswordView.swift */; };
		1B1B2EEE2A0DA2970066DDD2 /* TipsView.swift in Sources */ = {isa = PBXBuildFile; fileRef = 1B1B2EED2A0DA2970066DDD2 /* TipsView.swift */; };
		1B1B2EF82A0FF5210066DDD2 /* SettingsTabView.swift in Sources */ = {isa = PBXBuildFile; fileRef = 1B1B2EF72A0FF5210066DDD2 /* SettingsTabView.swift */; };
		1B1B2EFA2A1015490066DDD2 /* SignInView2.swift in Sources */ = {isa = PBXBuildFile; fileRef = 1B1B2EF92A1015490066DDD2 /* SignInView2.swift */; };
		1B1B2F182A10C7420066DDD2 /* ModalWindowTestView.swift in Sources */ = {isa = PBXBuildFile; fileRef = 1B1B2F172A10C7420066DDD2 /* ModalWindowTestView.swift */; };
		1B1B2F3A2A1107E70066DDD2 /* SettingsFinalView.swift in Sources */ = {isa = PBXBuildFile; fileRef = 1B1B2F392A1107E70066DDD2 /* SettingsFinalView.swift */; };
		1B1B2F3C2A1109010066DDD2 /* Settings.swift in Sources */ = {isa = PBXBuildFile; fileRef = 1B1B2F3B2A1109010066DDD2 /* Settings.swift */; };
		1B1B2F3E2A1111E50066DDD2 /* TabBarView.swift in Sources */ = {isa = PBXBuildFile; fileRef = 1B1B2F3D2A1111E50066DDD2 /* TabBarView.swift */; };
		1B1B2F452A11165D0066DDD2 /* SocialMediaLinkView.swift in Sources */ = {isa = PBXBuildFile; fileRef = 1B1B2F442A11165D0066DDD2 /* SocialMediaLinkView.swift */; };
		1B3BD33D2A2E85DE007FA1CC /* TipsListView.swift in Sources */ = {isa = PBXBuildFile; fileRef = 1B3BD33C2A2E85DE007FA1CC /* TipsListView.swift */; };
		1BB09C102A2BB45300FA62A7 /* ProfileView.swift in Sources */ = {isa = PBXBuildFile; fileRef = 1BB09C0F2A2BB45300FA62A7 /* ProfileView.swift */; };
		1BB09C152A2D29AA00FA62A7 /* RemindersView.swift in Sources */ = {isa = PBXBuildFile; fileRef = 1BB09C142A2D29AA00FA62A7 /* RemindersView.swift */; };
		1BB09C352A2E77F900FA62A7 /* PickerQuizAndTipsView.swift in Sources */ = {isa = PBXBuildFile; fileRef = 1BB09C342A2E77F900FA62A7 /* PickerQuizAndTipsView.swift */; };
		1BB09C372A2E7A2100FA62A7 /* SubjectQuizListView.swift in Sources */ = {isa = PBXBuildFile; fileRef = 1BB09C362A2E7A2100FA62A7 /* SubjectQuizListView.swift */; };
		1BB09C392A2E7BCF00FA62A7 /* QuizAndTipsOption.swift in Sources */ = {isa = PBXBuildFile; fileRef = 1BB09C382A2E7BCF00FA62A7 /* QuizAndTipsOption.swift */; };
		1BB09C3B2A2E7D7900FA62A7 /* SubjectTipsListView.swift in Sources */ = {isa = PBXBuildFile; fileRef = 1BB09C3A2A2E7D7900FA62A7 /* SubjectTipsListView.swift */; };
		1BB09C3D2A2E7EC900FA62A7 /* QuizAndTipsListView.swift in Sources */ = {isa = PBXBuildFile; fileRef = 1BB09C3C2A2E7EC900FA62A7 /* QuizAndTipsListView.swift */; };
		1BDEDEA42A2B40E800AE294F /* Tests&quiz.swift in Sources */ = {isa = PBXBuildFile; fileRef = 1BDEDEA32A2B40E800AE294F /* Tests&quiz.swift */; };
		653B5B8C2A2DD84C00DFAFFF /* ConverterView.swift in Sources */ = {isa = PBXBuildFile; fileRef = 653B5B8B2A2DD84C00DFAFFF /* ConverterView.swift */; };
		653B5B8E2A2DE60C00DFAFFF /* Converter.swift in Sources */ = {isa = PBXBuildFile; fileRef = 653B5B8D2A2DE60C00DFAFFF /* Converter.swift */; };
		653B5B942A30CEF400DFAFFF /* StartingPageView.swift in Sources */ = {isa = PBXBuildFile; fileRef = 653B5B932A30CEF400DFAFFF /* StartingPageView.swift */; };
		653B5B982A31C47200DFAFFF /* UISliderView.swift in Sources */ = {isa = PBXBuildFile; fileRef = 653B5B972A31C47200DFAFFF /* UISliderView.swift */; };
		653B5B9D2A31D2C800DFAFFF /* PopupView.swift in Sources */ = {isa = PBXBuildFile; fileRef = 653B5B9C2A31D2C800DFAFFF /* PopupView.swift */; };
		653B5B9F2A3218EB00DFAFFF /* DevicesSelected.swift in Sources */ = {isa = PBXBuildFile; fileRef = 653B5B9E2A3218EB00DFAFFF /* DevicesSelected.swift */; };
		653B5BA12A3223DB00DFAFFF /* Attachments.swift in Sources */ = {isa = PBXBuildFile; fileRef = 653B5BA02A3223DB00DFAFFF /* Attachments.swift */; };
		653B5BA32A32372E00DFAFFF /* CalculatorView.swift in Sources */ = {isa = PBXBuildFile; fileRef = 653B5BA22A32372E00DFAFFF /* CalculatorView.swift */; };
/* End PBXBuildFile section */

/* Begin PBXFileReference section */
		1B0D76D82A1FF52D007093A1 /* Subject.swift */ = {isa = PBXFileReference; lastKnownFileType = sourcecode.swift; path = Subject.swift; sourceTree = "<group>"; };
		1B0D76DA2A1FF618007093A1 /* ChallengeCategory.swift */ = {isa = PBXFileReference; lastKnownFileType = sourcecode.swift; path = ChallengeCategory.swift; sourceTree = "<group>"; };
		1B0D76DC2A1FF73D007093A1 /* ChallengeQuiz.swift */ = {isa = PBXFileReference; lastKnownFileType = sourcecode.swift; path = ChallengeQuiz.swift; sourceTree = "<group>"; };
		1B0D76DE2A225C71007093A1 /* ChallengeQuizView.swift */ = {isa = PBXFileReference; lastKnownFileType = sourcecode.swift; path = ChallengeQuizView.swift; sourceTree = "<group>"; };
		1B0D76E02A225E74007093A1 /* QuizAndTipsView.swift */ = {isa = PBXFileReference; lastKnownFileType = sourcecode.swift; path = QuizAndTipsView.swift; sourceTree = "<group>"; };
		1B0D76E22A226084007093A1 /* ChallengeListView.swift */ = {isa = PBXFileReference; lastKnownFileType = sourcecode.swift; path = ChallengeListView.swift; sourceTree = "<group>"; };
		1B0D76E62A226F7F007093A1 /* QuizSuggestionsView.swift */ = {isa = PBXFileReference; lastKnownFileType = sourcecode.swift; path = QuizSuggestionsView.swift; sourceTree = "<group>"; };
		1B0D76E82A227274007093A1 /* QuizTipView.swift */ = {isa = PBXFileReference; lastKnownFileType = sourcecode.swift; path = QuizTipView.swift; sourceTree = "<group>"; };
		1B0D76EA2A227464007093A1 /* QuizGoBackButton.swift */ = {isa = PBXFileReference; lastKnownFileType = sourcecode.swift; path = QuizGoBackButton.swift; sourceTree = "<group>"; };
		1B0E00252A08EF30000B6D29 /* Kaitiaki.app */ = {isa = PBXFileReference; explicitFileType = wrapper.application; includeInIndex = 0; path = Kaitiaki.app; sourceTree = BUILT_PRODUCTS_DIR; };
		1B0E00282A08EF30000B6D29 /* KaitiakiApp.swift */ = {isa = PBXFileReference; lastKnownFileType = sourcecode.swift; path = KaitiakiApp.swift; sourceTree = "<group>"; };
		1B0E002A2A08EF30000B6D29 /* ContentView.swift */ = {isa = PBXFileReference; lastKnownFileType = sourcecode.swift; path = ContentView.swift; sourceTree = "<group>"; };
		1B0E002C2A08EF32000B6D29 /* Assets.xcassets */ = {isa = PBXFileReference; lastKnownFileType = folder.assetcatalog; path = Assets.xcassets; sourceTree = "<group>"; };
		1B0E002F2A08EF32000B6D29 /* Preview Assets.xcassets */ = {isa = PBXFileReference; lastKnownFileType = folder.assetcatalog; path = "Preview Assets.xcassets"; sourceTree = "<group>"; };
		1B1B2E9C2A09956B0066DDD2 /* ChallengeSectionView.swift */ = {isa = PBXFileReference; lastKnownFileType = sourcecode.swift; path = ChallengeSectionView.swift; sourceTree = "<group>"; };
		1B1B2E9E2A0A32B60066DDD2 /* SubscriptionView.swift */ = {isa = PBXFileReference; lastKnownFileType = sourcecode.swift; path = SubscriptionView.swift; sourceTree = "<group>"; };
		1B1B2EA42A0A40980066DDD2 /* MoreView.swift */ = {isa = PBXFileReference; lastKnownFileType = sourcecode.swift; path = MoreView.swift; sourceTree = "<group>"; };
		1B1B2EA62A0A47C70066DDD2 /* SignInView.swift */ = {isa = PBXFileReference; lastKnownFileType = sourcecode.swift; path = SignInView.swift; sourceTree = "<group>"; };
		1B1B2EA82A0A4AA40066DDD2 /* NudgeView.swift */ = {isa = PBXFileReference; lastKnownFileType = sourcecode.swift; path = NudgeView.swift; sourceTree = "<group>"; };
		1B1B2EAA2A0A4B660066DDD2 /* UpgradeProView.swift */ = {isa = PBXFileReference; lastKnownFileType = sourcecode.swift; path = UpgradeProView.swift; sourceTree = "<group>"; };
		1B1B2EAC2A0A4C360066DDD2 /* FamilyPlanView.swift */ = {isa = PBXFileReference; lastKnownFileType = sourcecode.swift; path = FamilyPlanView.swift; sourceTree = "<group>"; };
		1B1B2EAE2A0A4D8F0066DDD2 /* RateView.swift */ = {isa = PBXFileReference; lastKnownFileType = sourcecode.swift; path = RateView.swift; sourceTree = "<group>"; };
		1B1B2EB42A0A4F1B0066DDD2 /* ScienceView.swift */ = {isa = PBXFileReference; lastKnownFileType = sourcecode.swift; path = ScienceView.swift; sourceTree = "<group>"; };
		1B1B2EB62A0A4F6A0066DDD2 /* BlogView.swift */ = {isa = PBXFileReference; lastKnownFileType = sourcecode.swift; path = BlogView.swift; sourceTree = "<group>"; };
		1B1B2EB82A0A4FAF0066DDD2 /* HelpView.swift */ = {isa = PBXFileReference; lastKnownFileType = sourcecode.swift; path = HelpView.swift; sourceTree = "<group>"; };
		1B1B2EBD2A0AF1050066DDD2 /* DisconnectView.swift */ = {isa = PBXFileReference; lastKnownFileType = sourcecode.swift; path = DisconnectView.swift; sourceTree = "<group>"; };
		1B1B2EDB2A0D8ED60066DDD2 /* ShareView.swift */ = {isa = PBXFileReference; lastKnownFileType = sourcecode.swift; path = ShareView.swift; sourceTree = "<group>"; };
		1B1B2EE12A0D92210066DDD2 /* LegalInformationView.swift */ = {isa = PBXFileReference; lastKnownFileType = sourcecode.swift; path = LegalInformationView.swift; sourceTree = "<group>"; };
		1B1B2EE32A0D938B0066DDD2 /* TermsView.swift */ = {isa = PBXFileReference; lastKnownFileType = sourcecode.swift; path = TermsView.swift; sourceTree = "<group>"; };
		1B1B2EE52A0D94010066DDD2 /* PrivacyView.swift */ = {isa = PBXFileReference; lastKnownFileType = sourcecode.swift; path = PrivacyView.swift; sourceTree = "<group>"; };
		1B1B2EE72A0D98FF0066DDD2 /* EmailView.swift */ = {isa = PBXFileReference; lastKnownFileType = sourcecode.swift; path = EmailView.swift; sourceTree = "<group>"; };
		1B1B2EE92A0D9C020066DDD2 /* PasswordView.swift */ = {isa = PBXFileReference; lastKnownFileType = sourcecode.swift; path = PasswordView.swift; sourceTree = "<group>"; };
		1B1B2EED2A0DA2970066DDD2 /* TipsView.swift */ = {isa = PBXFileReference; lastKnownFileType = sourcecode.swift; path = TipsView.swift; sourceTree = "<group>"; };
		1B1B2EF72A0FF5210066DDD2 /* SettingsTabView.swift */ = {isa = PBXFileReference; lastKnownFileType = sourcecode.swift; path = SettingsTabView.swift; sourceTree = "<group>"; };
		1B1B2EF92A1015490066DDD2 /* SignInView2.swift */ = {isa = PBXFileReference; lastKnownFileType = sourcecode.swift; path = SignInView2.swift; sourceTree = "<group>"; };
		1B1B2F172A10C7420066DDD2 /* ModalWindowTestView.swift */ = {isa = PBXFileReference; lastKnownFileType = sourcecode.swift; path = ModalWindowTestView.swift; sourceTree = "<group>"; };
		1B1B2F392A1107E70066DDD2 /* SettingsFinalView.swift */ = {isa = PBXFileReference; lastKnownFileType = sourcecode.swift; path = SettingsFinalView.swift; sourceTree = "<group>"; };
		1B1B2F3B2A1109010066DDD2 /* Settings.swift */ = {isa = PBXFileReference; lastKnownFileType = sourcecode.swift; path = Settings.swift; sourceTree = "<group>"; };
		1B1B2F3D2A1111E50066DDD2 /* TabBarView.swift */ = {isa = PBXFileReference; lastKnownFileType = sourcecode.swift; path = TabBarView.swift; sourceTree = "<group>"; };
		1B1B2F442A11165D0066DDD2 /* SocialMediaLinkView.swift */ = {isa = PBXFileReference; lastKnownFileType = sourcecode.swift; path = SocialMediaLinkView.swift; sourceTree = "<group>"; };
		1B3BD33C2A2E85DE007FA1CC /* TipsListView.swift */ = {isa = PBXFileReference; lastKnownFileType = sourcecode.swift; path = TipsListView.swift; sourceTree = "<group>"; };
		1BB09C0F2A2BB45300FA62A7 /* ProfileView.swift */ = {isa = PBXFileReference; lastKnownFileType = sourcecode.swift; path = ProfileView.swift; sourceTree = "<group>"; };
		1BB09C142A2D29AA00FA62A7 /* RemindersView.swift */ = {isa = PBXFileReference; lastKnownFileType = sourcecode.swift; path = RemindersView.swift; sourceTree = "<group>"; };
		1BB09C342A2E77F900FA62A7 /* PickerQuizAndTipsView.swift */ = {isa = PBXFileReference; lastKnownFileType = sourcecode.swift; path = PickerQuizAndTipsView.swift; sourceTree = "<group>"; };
		1BB09C362A2E7A2100FA62A7 /* SubjectQuizListView.swift */ = {isa = PBXFileReference; lastKnownFileType = sourcecode.swift; path = SubjectQuizListView.swift; sourceTree = "<group>"; };
		1BB09C382A2E7BCF00FA62A7 /* QuizAndTipsOption.swift */ = {isa = PBXFileReference; lastKnownFileType = sourcecode.swift; path = QuizAndTipsOption.swift; sourceTree = "<group>"; };
		1BB09C3A2A2E7D7900FA62A7 /* SubjectTipsListView.swift */ = {isa = PBXFileReference; lastKnownFileType = sourcecode.swift; path = SubjectTipsListView.swift; sourceTree = "<group>"; };
		1BB09C3C2A2E7EC900FA62A7 /* QuizAndTipsListView.swift */ = {isa = PBXFileReference; lastKnownFileType = sourcecode.swift; path = QuizAndTipsListView.swift; sourceTree = "<group>"; };
		1BDEDEA32A2B40E800AE294F /* Tests&quiz.swift */ = {isa = PBXFileReference; lastKnownFileType = sourcecode.swift; path = "Tests&quiz.swift"; sourceTree = "<group>"; };
		653B5B8B2A2DD84C00DFAFFF /* ConverterView.swift */ = {isa = PBXFileReference; lastKnownFileType = sourcecode.swift; path = ConverterView.swift; sourceTree = "<group>"; };
		653B5B8D2A2DE60C00DFAFFF /* Converter.swift */ = {isa = PBXFileReference; lastKnownFileType = sourcecode.swift; path = Converter.swift; sourceTree = "<group>"; };
		653B5B932A30CEF400DFAFFF /* StartingPageView.swift */ = {isa = PBXFileReference; lastKnownFileType = sourcecode.swift; path = StartingPageView.swift; sourceTree = "<group>"; };
		653B5B972A31C47200DFAFFF /* UISliderView.swift */ = {isa = PBXFileReference; lastKnownFileType = sourcecode.swift; path = UISliderView.swift; sourceTree = "<group>"; };
		653B5B9C2A31D2C800DFAFFF /* PopupView.swift */ = {isa = PBXFileReference; lastKnownFileType = sourcecode.swift; path = PopupView.swift; sourceTree = "<group>"; };
		653B5B9E2A3218EB00DFAFFF /* DevicesSelected.swift */ = {isa = PBXFileReference; lastKnownFileType = sourcecode.swift; path = DevicesSelected.swift; sourceTree = "<group>"; };
		653B5BA02A3223DB00DFAFFF /* Attachments.swift */ = {isa = PBXFileReference; lastKnownFileType = sourcecode.swift; path = Attachments.swift; sourceTree = "<group>"; };
		653B5BA22A32372E00DFAFFF /* CalculatorView.swift */ = {isa = PBXFileReference; lastKnownFileType = sourcecode.swift; path = CalculatorView.swift; sourceTree = "<group>"; };
/* End PBXFileReference section */

/* Begin PBXFrameworksBuildPhase section */
		1B0E00222A08EF30000B6D29 /* Frameworks */ = {
			isa = PBXFrameworksBuildPhase;
			buildActionMask = 2147483647;
			files = (
			);
			runOnlyForDeploymentPostprocessing = 0;
		};
/* End PBXFrameworksBuildPhase section */

/* Begin PBXGroup section */
		1B0D76E42A226F17007093A1 /* Quiz */ = {
			isa = PBXGroup;
			children = (
				1B0D76DE2A225C71007093A1 /* ChallengeQuizView.swift */,
				1B0D76EA2A227464007093A1 /* QuizGoBackButton.swift */,
				1B0D76E82A227274007093A1 /* QuizTipView.swift */,
				1B0D76E62A226F7F007093A1 /* QuizSuggestionsView.swift */,
			);
			path = Quiz;
			sourceTree = "<group>";
		};
		1B0D76E52A226F37007093A1 /* QuizAndTips */ = {
			isa = PBXGroup;
			children = (
				1B0D76E02A225E74007093A1 /* QuizAndTipsView.swift */,
				1B0D76E22A226084007093A1 /* ChallengeListView.swift */,
				1BB09C3C2A2E7EC900FA62A7 /* QuizAndTipsListView.swift */,
				1B0D76DA2A1FF618007093A1 /* ChallengeCategory.swift */,
				1BB09C342A2E77F900FA62A7 /* PickerQuizAndTipsView.swift */,
				1BB09C362A2E7A2100FA62A7 /* SubjectQuizListView.swift */,
				1BB09C3A2A2E7D7900FA62A7 /* SubjectTipsListView.swift */,
				1B3BD33C2A2E85DE007FA1CC /* TipsListView.swift */,
			);
			path = QuizAndTips;
			sourceTree = "<group>";
		};
		1B0E001C2A08EF30000B6D29 = {
			isa = PBXGroup;
			children = (
				1BDEDEA32A2B40E800AE294F /* Tests&quiz.swift */,
				1B1B2F172A10C7420066DDD2 /* ModalWindowTestView.swift */,
				1B0E00272A08EF30000B6D29 /* Kaitiaki */,
				1B0E00262A08EF30000B6D29 /* Products */,
			);
			sourceTree = "<group>";
		};
		1B0E00262A08EF30000B6D29 /* Products */ = {
			isa = PBXGroup;
			children = (
				1B0E00252A08EF30000B6D29 /* Kaitiaki.app */,
			);
			name = Products;
			sourceTree = "<group>";
		};
		1B0E00272A08EF30000B6D29 /* Kaitiaki */ = {
			isa = PBXGroup;
			children = (
				1B1B2EBA2A0AA9CD0066DDD2 /* ME */,
				1B1B2F432A11157B0066DDD2 /* App */,
				1B0E002A2A08EF30000B6D29 /* ContentView.swift */,
				1B1B2F3D2A1111E50066DDD2 /* TabBarView.swift */,
				1B1B2F422A1115430066DDD2 /* Views */,
				1B1B2F412A1115220066DDD2 /* Models */,
				1B0E002C2A08EF32000B6D29 /* Assets.xcassets */,
				1B0E002E2A08EF32000B6D29 /* Preview Content */,
			);
			path = Kaitiaki;
			sourceTree = "<group>";
		};
		1B0E002E2A08EF32000B6D29 /* Preview Content */ = {
			isa = PBXGroup;
			children = (
				1B0E002F2A08EF32000B6D29 /* Preview Assets.xcassets */,
			);
			path = "Preview Content";
			sourceTree = "<group>";
		};
		1B1B2EBA2A0AA9CD0066DDD2 /* ME */ = {
			isa = PBXGroup;
			children = (
				1B1B2EEC2A0DA25C0066DDD2 /* TabView */,
				1B1B2EBB2A0AAE3E0066DDD2 /* NavigationLink To */,
			);
			path = ME;
			sourceTree = "<group>";
		};
		1B1B2EBB2A0AAE3E0066DDD2 /* NavigationLink To */ = {
			isa = PBXGroup;
			children = (
				1B1B2EEB2A0DA24C0066DDD2 /* Divers Views */,
				1B1B2E9C2A09956B0066DDD2 /* ChallengeSectionView.swift */,
				1B1B2E9E2A0A32B60066DDD2 /* SubscriptionView.swift */,
				1B1B2EA62A0A47C70066DDD2 /* SignInView.swift */,
				1B1B2EAA2A0A4B660066DDD2 /* UpgradeProView.swift */,
				1B1B2EAC2A0A4C360066DDD2 /* FamilyPlanView.swift */,
				1B1B2EAE2A0A4D8F0066DDD2 /* RateView.swift */,
				1B1B2EB42A0A4F1B0066DDD2 /* ScienceView.swift */,
				1B1B2EB62A0A4F6A0066DDD2 /* BlogView.swift */,
				1B1B2EB82A0A4FAF0066DDD2 /* HelpView.swift */,
				1B1B2EA82A0A4AA40066DDD2 /* NudgeView.swift */,
				1B1B2EBD2A0AF1050066DDD2 /* DisconnectView.swift */,
				1B1B2EDB2A0D8ED60066DDD2 /* ShareView.swift */,
				1B1B2EE12A0D92210066DDD2 /* LegalInformationView.swift */,
				1B1B2EE52A0D94010066DDD2 /* PrivacyView.swift */,
				1B1B2EE32A0D938B0066DDD2 /* TermsView.swift */,
				1B1B2EE72A0D98FF0066DDD2 /* EmailView.swift */,
				1B1B2EE92A0D9C020066DDD2 /* PasswordView.swift */,
				1B1B2EF92A1015490066DDD2 /* SignInView2.swift */,
				1B1B2F442A11165D0066DDD2 /* SocialMediaLinkView.swift */,
				1B1B2EA42A0A40980066DDD2 /* MoreView.swift */,
			);
			path = "NavigationLink To";
			sourceTree = "<group>";
		};
		1B1B2EEB2A0DA24C0066DDD2 /* Divers Views */ = {
			isa = PBXGroup;
			children = (
				1BB09C142A2D29AA00FA62A7 /* RemindersView.swift */,
			);
			path = "Divers Views";
			sourceTree = "<group>";
		};
		1B1B2EEC2A0DA25C0066DDD2 /* TabView */ = {
			isa = PBXGroup;
			children = (
				1B1B2EED2A0DA2970066DDD2 /* TipsView.swift */,
			);
			path = TabView;
			sourceTree = "<group>";
		};
		1B1B2F3F2A1114BD0066DDD2 /* Tabs */ = {
			isa = PBXGroup;
			children = (
				1B1B2EF72A0FF5210066DDD2 /* SettingsTabView.swift */,
			);
			path = Tabs;
			sourceTree = "<group>";
		};
		1B1B2F402A1114F90066DDD2 /* Settings */ = {
			isa = PBXGroup;
			children = (
				1B1B2F392A1107E70066DDD2 /* SettingsFinalView.swift */,
				1BB09C0F2A2BB45300FA62A7 /* ProfileView.swift */,
			);
			path = Settings;
			sourceTree = "<group>";
		};
		1B1B2F412A1115220066DDD2 /* Models */ = {
			isa = PBXGroup;
			children = (
				1B1B2F3B2A1109010066DDD2 /* Settings.swift */,
				1B0D76D82A1FF52D007093A1 /* Subject.swift */,
				1B0D76DC2A1FF73D007093A1 /* ChallengeQuiz.swift */,
				653B5B8D2A2DE60C00DFAFFF /* Converter.swift */,
				1BB09C382A2E7BCF00FA62A7 /* QuizAndTipsOption.swift */,
				653B5B9E2A3218EB00DFAFFF /* DevicesSelected.swift */,
				653B5BA02A3223DB00DFAFFF /* Attachments.swift */,
			);
			path = Models;
			sourceTree = "<group>";
		};
		1B1B2F422A1115430066DDD2 /* Views */ = {
			isa = PBXGroup;
			children = (
				653B5B922A30CEC900DFAFFF /* Calculator */,
				653B5B8A2A2DD83B00DFAFFF /* Converter */,
				1BB09C112A2CE9A900FA62A7 /* Divers */,
				1B0D76E52A226F37007093A1 /* QuizAndTips */,
				1B0D76E42A226F17007093A1 /* Quiz */,
				1B1B2F3F2A1114BD0066DDD2 /* Tabs */,
				1B1B2F402A1114F90066DDD2 /* Settings */,
			);
			path = Views;
			sourceTree = "<group>";
		};
		1B1B2F432A11157B0066DDD2 /* App */ = {
			isa = PBXGroup;
			children = (
				1B0E00282A08EF30000B6D29 /* KaitiakiApp.swift */,
			);
			path = App;
			sourceTree = "<group>";
		};
		1BB09C112A2CE9A900FA62A7 /* Divers */ = {
			isa = PBXGroup;
			children = (
			);
			path = Divers;
			sourceTree = "<group>";
		};
		653B5B8A2A2DD83B00DFAFFF /* Converter */ = {
			isa = PBXGroup;
			children = (
				653B5B8B2A2DD84C00DFAFFF /* ConverterView.swift */,
			);
			path = Converter;
			sourceTree = "<group>";
		};
		653B5B922A30CEC900DFAFFF /* Calculator */ = {
			isa = PBXGroup;
			children = (
				653B5B932A30CEF400DFAFFF /* StartingPageView.swift */,
				653B5B972A31C47200DFAFFF /* UISliderView.swift */,
				653B5B9C2A31D2C800DFAFFF /* PopupView.swift */,
				653B5BA22A32372E00DFAFFF /* CalculatorView.swift */,
			);
			path = Calculator;
			sourceTree = "<group>";
		};
/* End PBXGroup section */

/* Begin PBXNativeTarget section */
		1B0E00242A08EF30000B6D29 /* Kaitiaki */ = {
			isa = PBXNativeTarget;
			buildConfigurationList = 1B0E00332A08EF32000B6D29 /* Build configuration list for PBXNativeTarget "Kaitiaki" */;
			buildPhases = (
				1B0E00212A08EF30000B6D29 /* Sources */,
				1B0E00222A08EF30000B6D29 /* Frameworks */,
				1B0E00232A08EF30000B6D29 /* Resources */,
			);
			buildRules = (
			);
			dependencies = (
			);
			name = Kaitiaki;
			productName = Kaitiaki;
			productReference = 1B0E00252A08EF30000B6D29 /* Kaitiaki.app */;
			productType = "com.apple.product-type.application";
		};
/* End PBXNativeTarget section */

/* Begin PBXProject section */
		1B0E001D2A08EF30000B6D29 /* Project object */ = {
			isa = PBXProject;
			attributes = {
				BuildIndependentTargetsInParallel = 1;
				LastSwiftUpdateCheck = 1410;
				LastUpgradeCheck = 1410;
				TargetAttributes = {
					1B0E00242A08EF30000B6D29 = {
						CreatedOnToolsVersion = 14.1;
					};
				};
			};
			buildConfigurationList = 1B0E00202A08EF30000B6D29 /* Build configuration list for PBXProject "Kaitiaki" */;
			compatibilityVersion = "Xcode 14.0";
			developmentRegion = en;
			hasScannedForEncodings = 0;
			knownRegions = (
				en,
				Base,
			);
			mainGroup = 1B0E001C2A08EF30000B6D29;
			productRefGroup = 1B0E00262A08EF30000B6D29 /* Products */;
			projectDirPath = "";
			projectRoot = "";
			targets = (
				1B0E00242A08EF30000B6D29 /* Kaitiaki */,
			);
		};
/* End PBXProject section */

/* Begin PBXResourcesBuildPhase section */
		1B0E00232A08EF30000B6D29 /* Resources */ = {
			isa = PBXResourcesBuildPhase;
			buildActionMask = 2147483647;
			files = (
				1B0E00302A08EF32000B6D29 /* Preview Assets.xcassets in Resources */,
				1B0E002D2A08EF32000B6D29 /* Assets.xcassets in Resources */,
			);
			runOnlyForDeploymentPostprocessing = 0;
		};
/* End PBXResourcesBuildPhase section */

/* Begin PBXSourcesBuildPhase section */
		1B0E00212A08EF30000B6D29 /* Sources */ = {
			isa = PBXSourcesBuildPhase;
			buildActionMask = 2147483647;
			files = (
				1BB09C3B2A2E7D7900FA62A7 /* SubjectTipsListView.swift in Sources */,
				1B1B2EB52A0A4F1B0066DDD2 /* ScienceView.swift in Sources */,
				653B5B942A30CEF400DFAFFF /* StartingPageView.swift in Sources */,
				1B1B2F3E2A1111E50066DDD2 /* TabBarView.swift in Sources */,
				1BB09C152A2D29AA00FA62A7 /* RemindersView.swift in Sources */,
				1B1B2F452A11165D0066DDD2 /* SocialMediaLinkView.swift in Sources */,
				1BB09C392A2E7BCF00FA62A7 /* QuizAndTipsOption.swift in Sources */,
				1B1B2EAD2A0A4C360066DDD2 /* FamilyPlanView.swift in Sources */,
				1B1B2EA52A0A40980066DDD2 /* MoreView.swift in Sources */,
				1B1B2EE62A0D94010066DDD2 /* PrivacyView.swift in Sources */,
				1B1B2EE42A0D938B0066DDD2 /* TermsView.swift in Sources */,
				653B5B982A31C47200DFAFFF /* UISliderView.swift in Sources */,
				1B1B2EE22A0D92210066DDD2 /* LegalInformationView.swift in Sources */,
				1B0D76DD2A1FF73D007093A1 /* ChallengeQuiz.swift in Sources */,
				1B0D76E92A227274007093A1 /* QuizTipView.swift in Sources */,
				1B1B2E9F2A0A32B60066DDD2 /* SubscriptionView.swift in Sources */,
				1B1B2EB92A0A4FAF0066DDD2 /* HelpView.swift in Sources */,
				1B1B2E9D2A09956B0066DDD2 /* ChallengeSectionView.swift in Sources */,
				1B1B2EF82A0FF5210066DDD2 /* SettingsTabView.swift in Sources */,
				1B0E002B2A08EF30000B6D29 /* ContentView.swift in Sources */,
				1B1B2EB72A0A4F6A0066DDD2 /* BlogView.swift in Sources */,
				1B1B2EEE2A0DA2970066DDD2 /* TipsView.swift in Sources */,
				1B3BD33D2A2E85DE007FA1CC /* TipsListView.swift in Sources */,
				1B1B2F182A10C7420066DDD2 /* ModalWindowTestView.swift in Sources */,
				1B0D76E12A225E74007093A1 /* QuizAndTipsView.swift in Sources */,
				1BB09C102A2BB45300FA62A7 /* ProfileView.swift in Sources */,
				1BB09C372A2E7A2100FA62A7 /* SubjectQuizListView.swift in Sources */,
				653B5B9D2A31D2C800DFAFFF /* PopupView.swift in Sources */,
				1B1B2EA72A0A47C70066DDD2 /* SignInView.swift in Sources */,
				1B1B2EEA2A0D9C020066DDD2 /* PasswordView.swift in Sources */,
				653B5B8E2A2DE60C00DFAFFF /* Converter.swift in Sources */,
				1B1B2EFA2A1015490066DDD2 /* SignInView2.swift in Sources */,
				1BB09C352A2E77F900FA62A7 /* PickerQuizAndTipsView.swift in Sources */,
				1B1B2EAF2A0A4D8F0066DDD2 /* RateView.swift in Sources */,
				653B5BA32A32372E00DFAFFF /* CalculatorView.swift in Sources */,
				1B1B2EE82A0D98FF0066DDD2 /* EmailView.swift in Sources */,
				1B0D76DB2A1FF618007093A1 /* ChallengeCategory.swift in Sources */,
				653B5B9F2A3218EB00DFAFFF /* DevicesSelected.swift in Sources */,
				1B0D76E32A226084007093A1 /* ChallengeListView.swift in Sources */,
				1B1B2EBE2A0AF1050066DDD2 /* DisconnectView.swift in Sources */,
				1BDEDEA42A2B40E800AE294F /* Tests&quiz.swift in Sources */,
				1B1B2F3C2A1109010066DDD2 /* Settings.swift in Sources */,
				1B0D76DF2A225C71007093A1 /* ChallengeQuizView.swift in Sources */,
				1B1B2EA92A0A4AA40066DDD2 /* NudgeView.swift in Sources */,
				1B0D76E72A226F7F007093A1 /* QuizSuggestionsView.swift in Sources */,
				1B0E00292A08EF30000B6D29 /* KaitiakiApp.swift in Sources */,
				1B0D76D92A1FF52D007093A1 /* Subject.swift in Sources */,
				653B5BA12A3223DB00DFAFFF /* Attachments.swift in Sources */,
				1B0D76EB2A227464007093A1 /* QuizGoBackButton.swift in Sources */,
				1B1B2EDC2A0D8ED60066DDD2 /* ShareView.swift in Sources */,
				1BB09C3D2A2E7EC900FA62A7 /* QuizAndTipsListView.swift in Sources */,
				1B1B2F3A2A1107E70066DDD2 /* SettingsFinalView.swift in Sources */,
				1B1B2EAB2A0A4B660066DDD2 /* UpgradeProView.swift in Sources */,
				653B5B8C2A2DD84C00DFAFFF /* ConverterView.swift in Sources */,
			);
			runOnlyForDeploymentPostprocessing = 0;
		};
/* End PBXSourcesBuildPhase section */

/* Begin XCBuildConfiguration section */
		1B0E00312A08EF32000B6D29 /* Debug */ = {
			isa = XCBuildConfiguration;
			buildSettings = {
				ALWAYS_SEARCH_USER_PATHS = NO;
				CLANG_ANALYZER_NONNULL = YES;
				CLANG_ANALYZER_NUMBER_OBJECT_CONVERSION = YES_AGGRESSIVE;
				CLANG_CXX_LANGUAGE_STANDARD = "gnu++20";
				CLANG_ENABLE_MODULES = YES;
				CLANG_ENABLE_OBJC_ARC = YES;
				CLANG_ENABLE_OBJC_WEAK = YES;
				CLANG_WARN_BLOCK_CAPTURE_AUTORELEASING = YES;
				CLANG_WARN_BOOL_CONVERSION = YES;
				CLANG_WARN_COMMA = YES;
				CLANG_WARN_CONSTANT_CONVERSION = YES;
				CLANG_WARN_DEPRECATED_OBJC_IMPLEMENTATIONS = YES;
				CLANG_WARN_DIRECT_OBJC_ISA_USAGE = YES_ERROR;
				CLANG_WARN_DOCUMENTATION_COMMENTS = YES;
				CLANG_WARN_EMPTY_BODY = YES;
				CLANG_WARN_ENUM_CONVERSION = YES;
				CLANG_WARN_INFINITE_RECURSION = YES;
				CLANG_WARN_INT_CONVERSION = YES;
				CLANG_WARN_NON_LITERAL_NULL_CONVERSION = YES;
				CLANG_WARN_OBJC_IMPLICIT_RETAIN_SELF = YES;
				CLANG_WARN_OBJC_LITERAL_CONVERSION = YES;
				CLANG_WARN_OBJC_ROOT_CLASS = YES_ERROR;
				CLANG_WARN_QUOTED_INCLUDE_IN_FRAMEWORK_HEADER = YES;
				CLANG_WARN_RANGE_LOOP_ANALYSIS = YES;
				CLANG_WARN_STRICT_PROTOTYPES = YES;
				CLANG_WARN_SUSPICIOUS_MOVE = YES;
				CLANG_WARN_UNGUARDED_AVAILABILITY = YES_AGGRESSIVE;
				CLANG_WARN_UNREACHABLE_CODE = YES;
				CLANG_WARN__DUPLICATE_METHOD_MATCH = YES;
				COPY_PHASE_STRIP = NO;
				DEBUG_INFORMATION_FORMAT = dwarf;
				ENABLE_STRICT_OBJC_MSGSEND = YES;
				ENABLE_TESTABILITY = YES;
				GCC_C_LANGUAGE_STANDARD = gnu11;
				GCC_DYNAMIC_NO_PIC = NO;
				GCC_NO_COMMON_BLOCKS = YES;
				GCC_OPTIMIZATION_LEVEL = 0;
				GCC_PREPROCESSOR_DEFINITIONS = (
					"DEBUG=1",
					"$(inherited)",
				);
				GCC_WARN_64_TO_32_BIT_CONVERSION = YES;
				GCC_WARN_ABOUT_RETURN_TYPE = YES_ERROR;
				GCC_WARN_UNDECLARED_SELECTOR = YES;
				GCC_WARN_UNINITIALIZED_AUTOS = YES_AGGRESSIVE;
				GCC_WARN_UNUSED_FUNCTION = YES;
				GCC_WARN_UNUSED_VARIABLE = YES;
				IPHONEOS_DEPLOYMENT_TARGET = 16.1;
				MTL_ENABLE_DEBUG_INFO = INCLUDE_SOURCE;
				MTL_FAST_MATH = YES;
				ONLY_ACTIVE_ARCH = YES;
				SDKROOT = iphoneos;
				SWIFT_ACTIVE_COMPILATION_CONDITIONS = DEBUG;
				SWIFT_OPTIMIZATION_LEVEL = "-Onone";
			};
			name = Debug;
		};
		1B0E00322A08EF32000B6D29 /* Release */ = {
			isa = XCBuildConfiguration;
			buildSettings = {
				ALWAYS_SEARCH_USER_PATHS = NO;
				CLANG_ANALYZER_NONNULL = YES;
				CLANG_ANALYZER_NUMBER_OBJECT_CONVERSION = YES_AGGRESSIVE;
				CLANG_CXX_LANGUAGE_STANDARD = "gnu++20";
				CLANG_ENABLE_MODULES = YES;
				CLANG_ENABLE_OBJC_ARC = YES;
				CLANG_ENABLE_OBJC_WEAK = YES;
				CLANG_WARN_BLOCK_CAPTURE_AUTORELEASING = YES;
				CLANG_WARN_BOOL_CONVERSION = YES;
				CLANG_WARN_COMMA = YES;
				CLANG_WARN_CONSTANT_CONVERSION = YES;
				CLANG_WARN_DEPRECATED_OBJC_IMPLEMENTATIONS = YES;
				CLANG_WARN_DIRECT_OBJC_ISA_USAGE = YES_ERROR;
				CLANG_WARN_DOCUMENTATION_COMMENTS = YES;
				CLANG_WARN_EMPTY_BODY = YES;
				CLANG_WARN_ENUM_CONVERSION = YES;
				CLANG_WARN_INFINITE_RECURSION = YES;
				CLANG_WARN_INT_CONVERSION = YES;
				CLANG_WARN_NON_LITERAL_NULL_CONVERSION = YES;
				CLANG_WARN_OBJC_IMPLICIT_RETAIN_SELF = YES;
				CLANG_WARN_OBJC_LITERAL_CONVERSION = YES;
				CLANG_WARN_OBJC_ROOT_CLASS = YES_ERROR;
				CLANG_WARN_QUOTED_INCLUDE_IN_FRAMEWORK_HEADER = YES;
				CLANG_WARN_RANGE_LOOP_ANALYSIS = YES;
				CLANG_WARN_STRICT_PROTOTYPES = YES;
				CLANG_WARN_SUSPICIOUS_MOVE = YES;
				CLANG_WARN_UNGUARDED_AVAILABILITY = YES_AGGRESSIVE;
				CLANG_WARN_UNREACHABLE_CODE = YES;
				CLANG_WARN__DUPLICATE_METHOD_MATCH = YES;
				COPY_PHASE_STRIP = NO;
				DEBUG_INFORMATION_FORMAT = "dwarf-with-dsym";
				ENABLE_NS_ASSERTIONS = NO;
				ENABLE_STRICT_OBJC_MSGSEND = YES;
				GCC_C_LANGUAGE_STANDARD = gnu11;
				GCC_NO_COMMON_BLOCKS = YES;
				GCC_WARN_64_TO_32_BIT_CONVERSION = YES;
				GCC_WARN_ABOUT_RETURN_TYPE = YES_ERROR;
				GCC_WARN_UNDECLARED_SELECTOR = YES;
				GCC_WARN_UNINITIALIZED_AUTOS = YES_AGGRESSIVE;
				GCC_WARN_UNUSED_FUNCTION = YES;
				GCC_WARN_UNUSED_VARIABLE = YES;
				IPHONEOS_DEPLOYMENT_TARGET = 16.1;
				MTL_ENABLE_DEBUG_INFO = NO;
				MTL_FAST_MATH = YES;
				SDKROOT = iphoneos;
				SWIFT_COMPILATION_MODE = wholemodule;
				SWIFT_OPTIMIZATION_LEVEL = "-O";
				VALIDATE_PRODUCT = YES;
			};
			name = Release;
		};
		1B0E00342A08EF32000B6D29 /* Debug */ = {
			isa = XCBuildConfiguration;
			buildSettings = {
				ASSETCATALOG_COMPILER_APPICON_NAME = AppIcon;
				ASSETCATALOG_COMPILER_GLOBAL_ACCENT_COLOR_NAME = AccentColor;
				CODE_SIGN_STYLE = Automatic;
				CURRENT_PROJECT_VERSION = 1;
				DEVELOPMENT_ASSET_PATHS = "\"Kaitiaki/Preview Content\"";
				DEVELOPMENT_TEAM = Y3L5JJA8S2;
				ENABLE_PREVIEWS = YES;
				GENERATE_INFOPLIST_FILE = YES;
				INFOPLIST_KEY_UIApplicationSceneManifest_Generation = YES;
				INFOPLIST_KEY_UIApplicationSupportsIndirectInputEvents = YES;
				INFOPLIST_KEY_UILaunchScreen_Generation = YES;
				INFOPLIST_KEY_UISupportedInterfaceOrientations_iPad = "UIInterfaceOrientationPortrait UIInterfaceOrientationPortraitUpsideDown UIInterfaceOrientationLandscapeLeft UIInterfaceOrientationLandscapeRight";
				INFOPLIST_KEY_UISupportedInterfaceOrientations_iPhone = "UIInterfaceOrientationPortrait UIInterfaceOrientationLandscapeLeft UIInterfaceOrientationLandscapeRight";
				LD_RUNPATH_SEARCH_PATHS = (
					"$(inherited)",
					"@executable_path/Frameworks",
				);
				MARKETING_VERSION = 1.0;
				PRODUCT_BUNDLE_IDENTIFIER = na.Kaitiaki;
				PRODUCT_NAME = "$(TARGET_NAME)";
				SWIFT_EMIT_LOC_STRINGS = YES;
				SWIFT_VERSION = 5.0;
				TARGETED_DEVICE_FAMILY = "1,2";
			};
			name = Debug;
		};
		1B0E00352A08EF32000B6D29 /* Release */ = {
			isa = XCBuildConfiguration;
			buildSettings = {
				ASSETCATALOG_COMPILER_APPICON_NAME = AppIcon;
				ASSETCATALOG_COMPILER_GLOBAL_ACCENT_COLOR_NAME = AccentColor;
				CODE_SIGN_STYLE = Automatic;
				CURRENT_PROJECT_VERSION = 1;
				DEVELOPMENT_ASSET_PATHS = "\"Kaitiaki/Preview Content\"";
				DEVELOPMENT_TEAM = Y3L5JJA8S2;
				ENABLE_PREVIEWS = YES;
				GENERATE_INFOPLIST_FILE = YES;
				INFOPLIST_KEY_UIApplicationSceneManifest_Generation = YES;
				INFOPLIST_KEY_UIApplicationSupportsIndirectInputEvents = YES;
				INFOPLIST_KEY_UILaunchScreen_Generation = YES;
				INFOPLIST_KEY_UISupportedInterfaceOrientations_iPad = "UIInterfaceOrientationPortrait UIInterfaceOrientationPortraitUpsideDown UIInterfaceOrientationLandscapeLeft UIInterfaceOrientationLandscapeRight";
				INFOPLIST_KEY_UISupportedInterfaceOrientations_iPhone = "UIInterfaceOrientationPortrait UIInterfaceOrientationLandscapeLeft UIInterfaceOrientationLandscapeRight";
				LD_RUNPATH_SEARCH_PATHS = (
					"$(inherited)",
					"@executable_path/Frameworks",
				);
				MARKETING_VERSION = 1.0;
				PRODUCT_BUNDLE_IDENTIFIER = na.Kaitiaki;
				PRODUCT_NAME = "$(TARGET_NAME)";
				SWIFT_EMIT_LOC_STRINGS = YES;
				SWIFT_VERSION = 5.0;
				TARGETED_DEVICE_FAMILY = "1,2";
			};
			name = Release;
		};
/* End XCBuildConfiguration section */

/* Begin XCConfigurationList section */
		1B0E00202A08EF30000B6D29 /* Build configuration list for PBXProject "Kaitiaki" */ = {
			isa = XCConfigurationList;
			buildConfigurations = (
				1B0E00312A08EF32000B6D29 /* Debug */,
				1B0E00322A08EF32000B6D29 /* Release */,
			);
			defaultConfigurationIsVisible = 0;
			defaultConfigurationName = Release;
		};
		1B0E00332A08EF32000B6D29 /* Build configuration list for PBXNativeTarget "Kaitiaki" */ = {
			isa = XCConfigurationList;
			buildConfigurations = (
				1B0E00342A08EF32000B6D29 /* Debug */,
				1B0E00352A08EF32000B6D29 /* Release */,
			);
			defaultConfigurationIsVisible = 0;
			defaultConfigurationName = Release;
		};
/* End XCConfigurationList section */
	};
	rootObject = 1B0E001D2A08EF30000B6D29 /* Project object */;
}
